// !$*UTF8*$!
{
	archiveVersion = 1;
	classes = {
	};
	objectVersion = 56;
	objects = {

/* Begin PBXBuildFile section */
		A49E15142A87CCF50045D8AB /* MovieRatingAppApp.swift in Sources */ = {isa = PBXBuildFile; fileRef = A49E15132A87CCF50045D8AB /* MovieRatingAppApp.swift */; };
		A49E15162A87CCF50045D8AB /* ContentView.swift in Sources */ = {isa = PBXBuildFile; fileRef = A49E15152A87CCF50045D8AB /* ContentView.swift */; };
		A49E15182A87CCF60045D8AB /* Assets.xcassets in Resources */ = {isa = PBXBuildFile; fileRef = A49E15172A87CCF60045D8AB /* Assets.xcassets */; };
		A49E151B2A87CCF60045D8AB /* Preview Assets.xcassets in Resources */ = {isa = PBXBuildFile; fileRef = A49E151A2A87CCF60045D8AB /* Preview Assets.xcassets */; };
		A49E15232A87CD380045D8AB /* APIHelper.swift in Sources */ = {isa = PBXBuildFile; fileRef = A49E15222A87CD380045D8AB /* APIHelper.swift */; };
		A49E15262A87CD520045D8AB /* User.swift in Sources */ = {isa = PBXBuildFile; fileRef = A49E15252A87CD520045D8AB /* User.swift */; };
		A49E15292A87DF180045D8AB /* LoginView.swift in Sources */ = {isa = PBXBuildFile; fileRef = A49E15282A87DF180045D8AB /* LoginView.swift */; };
		A49E152B2A87E0110045D8AB /* LoadingView.swift in Sources */ = {isa = PBXBuildFile; fileRef = A49E152A2A87E0110045D8AB /* LoadingView.swift */; };
		A49E152D2A8AE26E0045D8AB /* HomePage.swift in Sources */ = {isa = PBXBuildFile; fileRef = A49E152C2A8AE26E0045D8AB /* HomePage.swift */; };
		A49E152F2A8AE2C00045D8AB /* Movie.swift in Sources */ = {isa = PBXBuildFile; fileRef = A49E152E2A8AE2C00045D8AB /* Movie.swift */; };
		A49E15312A8AE35E0045D8AB /* Rating.swift in Sources */ = {isa = PBXBuildFile; fileRef = A49E15302A8AE35E0045D8AB /* Rating.swift */; };
		A49E15342A8AE84E0045D8AB /* Manager.swift in Sources */ = {isa = PBXBuildFile; fileRef = A49E15332A8AE84E0045D8AB /* Manager.swift */; };
		A49E15362A8AEAD90045D8AB /* Comment.swift in Sources */ = {isa = PBXBuildFile; fileRef = A49E15352A8AEAD90045D8AB /* Comment.swift */; };
		A49E15382A8AF15F0045D8AB /* AppState.swift in Sources */ = {isa = PBXBuildFile; fileRef = A49E15372A8AF15F0045D8AB /* AppState.swift */; };
		A49E153A2A8AF61D0045D8AB /* MovieView.swift in Sources */ = {isa = PBXBuildFile; fileRef = A49E15392A8AF61D0045D8AB /* MovieView.swift */; };
		A49E153C2A8C31D00045D8AB /* MovieDetailView.swift in Sources */ = {isa = PBXBuildFile; fileRef = A49E153B2A8C31D00045D8AB /* MovieDetailView.swift */; };
/* End PBXBuildFile section */

/* Begin PBXFileReference section */
		A49E15102A87CCF50045D8AB /* MovieRatingApp.app */ = {isa = PBXFileReference; explicitFileType = wrapper.application; includeInIndex = 0; path = MovieRatingApp.app; sourceTree = BUILT_PRODUCTS_DIR; };
		A49E15132A87CCF50045D8AB /* MovieRatingAppApp.swift */ = {isa = PBXFileReference; lastKnownFileType = sourcecode.swift; path = MovieRatingAppApp.swift; sourceTree = "<group>"; };
		A49E15152A87CCF50045D8AB /* ContentView.swift */ = {isa = PBXFileReference; lastKnownFileType = sourcecode.swift; path = ContentView.swift; sourceTree = "<group>"; };
		A49E15172A87CCF60045D8AB /* Assets.xcassets */ = {isa = PBXFileReference; lastKnownFileType = folder.assetcatalog; path = Assets.xcassets; sourceTree = "<group>"; };
		A49E151A2A87CCF60045D8AB /* Preview Assets.xcassets */ = {isa = PBXFileReference; lastKnownFileType = folder.assetcatalog; path = "Preview Assets.xcassets"; sourceTree = "<group>"; };
		A49E15222A87CD380045D8AB /* APIHelper.swift */ = {isa = PBXFileReference; lastKnownFileType = sourcecode.swift; path = APIHelper.swift; sourceTree = "<group>"; };
		A49E15252A87CD520045D8AB /* User.swift */ = {isa = PBXFileReference; lastKnownFileType = sourcecode.swift; path = User.swift; sourceTree = "<group>"; };
		A49E15282A87DF180045D8AB /* LoginView.swift */ = {isa = PBXFileReference; lastKnownFileType = sourcecode.swift; path = LoginView.swift; sourceTree = "<group>"; };
		A49E152A2A87E0110045D8AB /* LoadingView.swift */ = {isa = PBXFileReference; lastKnownFileType = sourcecode.swift; path = LoadingView.swift; sourceTree = "<group>"; };
		A49E152C2A8AE26E0045D8AB /* HomePage.swift */ = {isa = PBXFileReference; lastKnownFileType = sourcecode.swift; path = HomePage.swift; sourceTree = "<group>"; };
		A49E152E2A8AE2C00045D8AB /* Movie.swift */ = {isa = PBXFileReference; lastKnownFileType = sourcecode.swift; path = Movie.swift; sourceTree = "<group>"; };
		A49E15302A8AE35E0045D8AB /* Rating.swift */ = {isa = PBXFileReference; lastKnownFileType = sourcecode.swift; path = Rating.swift; sourceTree = "<group>"; };
		A49E15332A8AE84E0045D8AB /* Manager.swift */ = {isa = PBXFileReference; lastKnownFileType = sourcecode.swift; path = Manager.swift; sourceTree = "<group>"; };
		A49E15352A8AEAD90045D8AB /* Comment.swift */ = {isa = PBXFileReference; lastKnownFileType = sourcecode.swift; path = Comment.swift; sourceTree = "<group>"; };
		A49E15372A8AF15F0045D8AB /* AppState.swift */ = {isa = PBXFileReference; lastKnownFileType = sourcecode.swift; path = AppState.swift; sourceTree = "<group>"; };
		A49E15392A8AF61D0045D8AB /* MovieView.swift */ = {isa = PBXFileReference; lastKnownFileType = sourcecode.swift; path = MovieView.swift; sourceTree = "<group>"; };
		A49E153B2A8C31D00045D8AB /* MovieDetailView.swift */ = {isa = PBXFileReference; lastKnownFileType = sourcecode.swift; path = MovieDetailView.swift; sourceTree = "<group>"; };
/* End PBXFileReference section */

/* Begin PBXFrameworksBuildPhase section */
		A49E150D2A87CCF50045D8AB /* Frameworks */ = {
			isa = PBXFrameworksBuildPhase;
			buildActionMask = 2147483647;
			files = (
			);
			runOnlyForDeploymentPostprocessing = 0;
		};
/* End PBXFrameworksBuildPhase section */

/* Begin PBXGroup section */
		A49E15072A87CCF50045D8AB = {
			isa = PBXGroup;
			children = (
				A49E15122A87CCF50045D8AB /* MovieRatingApp */,
				A49E15112A87CCF50045D8AB /* Products */,
			);
			sourceTree = "<group>";
		};
		A49E15112A87CCF50045D8AB /* Products */ = {
			isa = PBXGroup;
			children = (
				A49E15102A87CCF50045D8AB /* MovieRatingApp.app */,
			);
			name = Products;
			sourceTree = "<group>";
		};
		A49E15122A87CCF50045D8AB /* MovieRatingApp */ = {
			isa = PBXGroup;
			children = (
				A49E15272A87DF080045D8AB /* Views */,
				A49E15242A87CD480045D8AB /* model */,
				A49E15212A87CD1E0045D8AB /* api */,
				A49E15132A87CCF50045D8AB /* MovieRatingAppApp.swift */,
				A49E15172A87CCF60045D8AB /* Assets.xcassets */,
				A49E15192A87CCF60045D8AB /* Preview Content */,
			);
			path = MovieRatingApp;
			sourceTree = "<group>";
		};
		A49E15192A87CCF60045D8AB /* Preview Content */ = {
			isa = PBXGroup;
			children = (
				A49E151A2A87CCF60045D8AB /* Preview Assets.xcassets */,
			);
			path = "Preview Content";
			sourceTree = "<group>";
		};
		A49E15212A87CD1E0045D8AB /* api */ = {
			isa = PBXGroup;
			children = (
				A49E15222A87CD380045D8AB /* APIHelper.swift */,
			);
			path = api;
			sourceTree = "<group>";
		};
		A49E15242A87CD480045D8AB /* model */ = {
			isa = PBXGroup;
			children = (
				A49E15252A87CD520045D8AB /* User.swift */,
				A49E152E2A8AE2C00045D8AB /* Movie.swift */,
				A49E15302A8AE35E0045D8AB /* Rating.swift */,
				A49E15332A8AE84E0045D8AB /* Manager.swift */,
				A49E15352A8AEAD90045D8AB /* Comment.swift */,
				A49E15372A8AF15F0045D8AB /* AppState.swift */,
			);
			path = model;
			sourceTree = "<group>";
		};
		A49E15272A87DF080045D8AB /* Views */ = {
			isa = PBXGroup;
			children = (
				A49E15322A8AE7D40045D8AB /* SupportViews */,
				A49E15152A87CCF50045D8AB /* ContentView.swift */,
				A49E15282A87DF180045D8AB /* LoginView.swift */,
				A49E152A2A87E0110045D8AB /* LoadingView.swift */,
				A49E152C2A8AE26E0045D8AB /* HomePage.swift */,
			);
			path = Views;
			sourceTree = "<group>";
		};
		A49E15322A8AE7D40045D8AB /* SupportViews */ = {
			isa = PBXGroup;
			children = (
				A49E15392A8AF61D0045D8AB /* MovieView.swift */,
				A49E153B2A8C31D00045D8AB /* MovieDetailView.swift */,
			);
			path = SupportViews;
			sourceTree = "<group>";
		};
/* End PBXGroup section */

/* Begin PBXNativeTarget section */
		A49E150F2A87CCF50045D8AB /* MovieRatingApp */ = {
			isa = PBXNativeTarget;
			buildConfigurationList = A49E151E2A87CCF60045D8AB /* Build configuration list for PBXNativeTarget "MovieRatingApp" */;
			buildPhases = (
				A49E150C2A87CCF50045D8AB /* Sources */,
				A49E150D2A87CCF50045D8AB /* Frameworks */,
				A49E150E2A87CCF50045D8AB /* Resources */,
			);
			buildRules = (
			);
			dependencies = (
			);
			name = MovieRatingApp;
			productName = MovieRatingApp;
			productReference = A49E15102A87CCF50045D8AB /* MovieRatingApp.app */;
			productType = "com.apple.product-type.application";
		};
/* End PBXNativeTarget section */

/* Begin PBXProject section */
		A49E15082A87CCF50045D8AB /* Project object */ = {
			isa = PBXProject;
			attributes = {
				BuildIndependentTargetsInParallel = 1;
				LastSwiftUpdateCheck = 1430;
				LastUpgradeCheck = 1430;
				TargetAttributes = {
					A49E150F2A87CCF50045D8AB = {
						CreatedOnToolsVersion = 14.3.1;
					};
				};
			};
			buildConfigurationList = A49E150B2A87CCF50045D8AB /* Build configuration list for PBXProject "MovieRatingApp" */;
			compatibilityVersion = "Xcode 14.0";
			developmentRegion = en;
			hasScannedForEncodings = 0;
			knownRegions = (
				en,
				Base,
			);
			mainGroup = A49E15072A87CCF50045D8AB;
			productRefGroup = A49E15112A87CCF50045D8AB /* Products */;
			projectDirPath = "";
			projectRoot = "";
			targets = (
				A49E150F2A87CCF50045D8AB /* MovieRatingApp */,
			);
		};
/* End PBXProject section */

/* Begin PBXResourcesBuildPhase section */
		A49E150E2A87CCF50045D8AB /* Resources */ = {
			isa = PBXResourcesBuildPhase;
			buildActionMask = 2147483647;
			files = (
				A49E151B2A87CCF60045D8AB /* Preview Assets.xcassets in Resources */,
				A49E15182A87CCF60045D8AB /* Assets.xcassets in Resources */,
			);
			runOnlyForDeploymentPostprocessing = 0;
		};
/* End PBXResourcesBuildPhase section */

/* Begin PBXSourcesBuildPhase section */
		A49E150C2A87CCF50045D8AB /* Sources */ = {
			isa = PBXSourcesBuildPhase;
			buildActionMask = 2147483647;
			files = (
				A49E15262A87CD520045D8AB /* User.swift in Sources */,
				A49E15232A87CD380045D8AB /* APIHelper.swift in Sources */,
				A49E15162A87CCF50045D8AB /* ContentView.swift in Sources */,
				A49E15382A8AF15F0045D8AB /* AppState.swift in Sources */,
				A49E15292A87DF180045D8AB /* LoginView.swift in Sources */,
				A49E15142A87CCF50045D8AB /* MovieRatingAppApp.swift in Sources */,
				A49E153C2A8C31D00045D8AB /* MovieDetailView.swift in Sources */,
				A49E152D2A8AE26E0045D8AB /* HomePage.swift in Sources */,
				A49E15312A8AE35E0045D8AB /* Rating.swift in Sources */,
				A49E153A2A8AF61D0045D8AB /* MovieView.swift in Sources */,
				A49E152F2A8AE2C00045D8AB /* Movie.swift in Sources */,
				A49E152B2A87E0110045D8AB /* LoadingView.swift in Sources */,
				A49E15362A8AEAD90045D8AB /* Comment.swift in Sources */,
				A49E15342A8AE84E0045D8AB /* Manager.swift in Sources */,
			);
			runOnlyForDeploymentPostprocessing = 0;
		};
/* End PBXSourcesBuildPhase section */

/* Begin XCBuildConfiguration section */
		A49E151C2A87CCF60045D8AB /* Debug */ = {
			isa = XCBuildConfiguration;
			buildSettings = {
				ALWAYS_SEARCH_USER_PATHS = NO;
				CLANG_ANALYZER_NONNULL = YES;
				CLANG_ANALYZER_NUMBER_OBJECT_CONVERSION = YES_AGGRESSIVE;
				CLANG_CXX_LANGUAGE_STANDARD = "gnu++20";
				CLANG_ENABLE_MODULES = YES;
				CLANG_ENABLE_OBJC_ARC = YES;
				CLANG_ENABLE_OBJC_WEAK = YES;
				CLANG_WARN_BLOCK_CAPTURE_AUTORELEASING = YES;
				CLANG_WARN_BOOL_CONVERSION = YES;
				CLANG_WARN_COMMA = YES;
				CLANG_WARN_CONSTANT_CONVERSION = YES;
				CLANG_WARN_DEPRECATED_OBJC_IMPLEMENTATIONS = YES;
				CLANG_WARN_DIRECT_OBJC_ISA_USAGE = YES_ERROR;
				CLANG_WARN_DOCUMENTATION_COMMENTS = YES;
				CLANG_WARN_EMPTY_BODY = YES;
				CLANG_WARN_ENUM_CONVERSION = YES;
				CLANG_WARN_INFINITE_RECURSION = YES;
				CLANG_WARN_INT_CONVERSION = YES;
				CLANG_WARN_NON_LITERAL_NULL_CONVERSION = YES;
				CLANG_WARN_OBJC_IMPLICIT_RETAIN_SELF = YES;
				CLANG_WARN_OBJC_LITERAL_CONVERSION = YES;
				CLANG_WARN_OBJC_ROOT_CLASS = YES_ERROR;
				CLANG_WARN_QUOTED_INCLUDE_IN_FRAMEWORK_HEADER = YES;
				CLANG_WARN_RANGE_LOOP_ANALYSIS = YES;
				CLANG_WARN_STRICT_PROTOTYPES = YES;
				CLANG_WARN_SUSPICIOUS_MOVE = YES;
				CLANG_WARN_UNGUARDED_AVAILABILITY = YES_AGGRESSIVE;
				CLANG_WARN_UNREACHABLE_CODE = YES;
				CLANG_WARN__DUPLICATE_METHOD_MATCH = YES;
				COPY_PHASE_STRIP = NO;
				DEBUG_INFORMATION_FORMAT = dwarf;
				ENABLE_STRICT_OBJC_MSGSEND = YES;
				ENABLE_TESTABILITY = YES;
				GCC_C_LANGUAGE_STANDARD = gnu11;
				GCC_DYNAMIC_NO_PIC = NO;
				GCC_NO_COMMON_BLOCKS = YES;
				GCC_OPTIMIZATION_LEVEL = 0;
				GCC_PREPROCESSOR_DEFINITIONS = (
					"DEBUG=1",
					"$(inherited)",
				);
				GCC_WARN_64_TO_32_BIT_CONVERSION = YES;
				GCC_WARN_ABOUT_RETURN_TYPE = YES_ERROR;
				GCC_WARN_UNDECLARED_SELECTOR = YES;
				GCC_WARN_UNINITIALIZED_AUTOS = YES_AGGRESSIVE;
				GCC_WARN_UNUSED_FUNCTION = YES;
				GCC_WARN_UNUSED_VARIABLE = YES;
				IPHONEOS_DEPLOYMENT_TARGET = 16.4;
				MTL_ENABLE_DEBUG_INFO = INCLUDE_SOURCE;
				MTL_FAST_MATH = YES;
				ONLY_ACTIVE_ARCH = YES;
				SDKROOT = iphoneos;
				SWIFT_ACTIVE_COMPILATION_CONDITIONS = DEBUG;
				SWIFT_OPTIMIZATION_LEVEL = "-Onone";
			};
			name = Debug;
		};
		A49E151D2A87CCF60045D8AB /* Release */ = {
			isa = XCBuildConfiguration;
			buildSettings = {
				ALWAYS_SEARCH_USER_PATHS = NO;
				CLANG_ANALYZER_NONNULL = YES;
				CLANG_ANALYZER_NUMBER_OBJECT_CONVERSION = YES_AGGRESSIVE;
				CLANG_CXX_LANGUAGE_STANDARD = "gnu++20";
				CLANG_ENABLE_MODULES = YES;
				CLANG_ENABLE_OBJC_ARC = YES;
				CLANG_ENABLE_OBJC_WEAK = YES;
				CLANG_WARN_BLOCK_CAPTURE_AUTORELEASING = YES;
				CLANG_WARN_BOOL_CONVERSION = YES;
				CLANG_WARN_COMMA = YES;
				CLANG_WARN_CONSTANT_CONVERSION = YES;
				CLANG_WARN_DEPRECATED_OBJC_IMPLEMENTATIONS = YES;
				CLANG_WARN_DIRECT_OBJC_ISA_USAGE = YES_ERROR;
				CLANG_WARN_DOCUMENTATION_COMMENTS = YES;
				CLANG_WARN_EMPTY_BODY = YES;
				CLANG_WARN_ENUM_CONVERSION = YES;
				CLANG_WARN_INFINITE_RECURSION = YES;
				CLANG_WARN_INT_CONVERSION = YES;
				CLANG_WARN_NON_LITERAL_NULL_CONVERSION = YES;
				CLANG_WARN_OBJC_IMPLICIT_RETAIN_SELF = YES;
				CLANG_WARN_OBJC_LITERAL_CONVERSION = YES;
				CLANG_WARN_OBJC_ROOT_CLASS = YES_ERROR;
				CLANG_WARN_QUOTED_INCLUDE_IN_FRAMEWORK_HEADER = YES;
				CLANG_WARN_RANGE_LOOP_ANALYSIS = YES;
				CLANG_WARN_STRICT_PROTOTYPES = YES;
				CLANG_WARN_SUSPICIOUS_MOVE = YES;
				CLANG_WARN_UNGUARDED_AVAILABILITY = YES_AGGRESSIVE;
				CLANG_WARN_UNREACHABLE_CODE = YES;
				CLANG_WARN__DUPLICATE_METHOD_MATCH = YES;
				COPY_PHASE_STRIP = NO;
				DEBUG_INFORMATION_FORMAT = "dwarf-with-dsym";
				ENABLE_NS_ASSERTIONS = NO;
				ENABLE_STRICT_OBJC_MSGSEND = YES;
				GCC_C_LANGUAGE_STANDARD = gnu11;
				GCC_NO_COMMON_BLOCKS = YES;
				GCC_WARN_64_TO_32_BIT_CONVERSION = YES;
				GCC_WARN_ABOUT_RETURN_TYPE = YES_ERROR;
				GCC_WARN_UNDECLARED_SELECTOR = YES;
				GCC_WARN_UNINITIALIZED_AUTOS = YES_AGGRESSIVE;
				GCC_WARN_UNUSED_FUNCTION = YES;
				GCC_WARN_UNUSED_VARIABLE = YES;
				IPHONEOS_DEPLOYMENT_TARGET = 16.4;
				MTL_ENABLE_DEBUG_INFO = NO;
				MTL_FAST_MATH = YES;
				SDKROOT = iphoneos;
				SWIFT_COMPILATION_MODE = wholemodule;
				SWIFT_OPTIMIZATION_LEVEL = "-O";
				VALIDATE_PRODUCT = YES;
			};
			name = Release;
		};
		A49E151F2A87CCF60045D8AB /* Debug */ = {
			isa = XCBuildConfiguration;
			buildSettings = {
				ASSETCATALOG_COMPILER_APPICON_NAME = AppIcon;
				ASSETCATALOG_COMPILER_GLOBAL_ACCENT_COLOR_NAME = AccentColor;
				CODE_SIGN_STYLE = Automatic;
				CURRENT_PROJECT_VERSION = 1;
				DEVELOPMENT_ASSET_PATHS = "\"MovieRatingApp/Preview Content\"";
				DEVELOPMENT_TEAM = 6UCB36P6KH;
				ENABLE_PREVIEWS = YES;
				GENERATE_INFOPLIST_FILE = YES;
				INFOPLIST_KEY_UIApplicationSceneManifest_Generation = YES;
				INFOPLIST_KEY_UIApplicationSupportsIndirectInputEvents = YES;
				INFOPLIST_KEY_UILaunchScreen_Generation = YES;
				INFOPLIST_KEY_UISupportedInterfaceOrientations_iPad = "UIInterfaceOrientationPortrait UIInterfaceOrientationPortraitUpsideDown UIInterfaceOrientationLandscapeLeft UIInterfaceOrientationLandscapeRight";
				INFOPLIST_KEY_UISupportedInterfaceOrientations_iPhone = "UIInterfaceOrientationPortrait UIInterfaceOrientationLandscapeLeft UIInterfaceOrientationLandscapeRight";
				IPHONEOS_DEPLOYMENT_TARGET = 16.1;
				LD_RUNPATH_SEARCH_PATHS = (
					"$(inherited)",
					"@executable_path/Frameworks",
				);
				MARKETING_VERSION = 1.0;
				PRODUCT_BUNDLE_IDENTIFIER = com.nicholasthacke.MovieRatingApp;
				PRODUCT_NAME = "$(TARGET_NAME)";
				SWIFT_EMIT_LOC_STRINGS = YES;
				SWIFT_VERSION = 5.0;
				TARGETED_DEVICE_FAMILY = "1,2";
			};
			name = Debug;
		};
		A49E15202A87CCF60045D8AB /* Release */ = {
			isa = XCBuildConfiguration;
			buildSettings = {
				ASSETCATALOG_COMPILER_APPICON_NAME = AppIcon;
				ASSETCATALOG_COMPILER_GLOBAL_ACCENT_COLOR_NAME = AccentColor;
				CODE_SIGN_STYLE = Automatic;
				CURRENT_PROJECT_VERSION = 1;
				DEVELOPMENT_ASSET_PATHS = "\"MovieRatingApp/Preview Content\"";
				DEVELOPMENT_TEAM = 6UCB36P6KH;
				ENABLE_PREVIEWS = YES;
				GENERATE_INFOPLIST_FILE = YES;
				INFOPLIST_KEY_UIApplicationSceneManifest_Generation = YES;
				INFOPLIST_KEY_UIApplicationSupportsIndirectInputEvents = YES;
				INFOPLIST_KEY_UILaunchScreen_Generation = YES;
				INFOPLIST_KEY_UISupportedInterfaceOrientations_iPad = "UIInterfaceOrientationPortrait UIInterfaceOrientationPortraitUpsideDown UIInterfaceOrientationLandscapeLeft UIInterfaceOrientationLandscapeRight";
				INFOPLIST_KEY_UISupportedInterfaceOrientations_iPhone = "UIInterfaceOrientationPortrait UIInterfaceOrientationLandscapeLeft UIInterfaceOrientationLandscapeRight";
				IPHONEOS_DEPLOYMENT_TARGET = 16.1;
				LD_RUNPATH_SEARCH_PATHS = (
					"$(inherited)",
					"@executable_path/Frameworks",
				);
				MARKETING_VERSION = 1.0;
				PRODUCT_BUNDLE_IDENTIFIER = com.nicholasthacke.MovieRatingApp;
				PRODUCT_NAME = "$(TARGET_NAME)";
				SWIFT_EMIT_LOC_STRINGS = YES;
				SWIFT_VERSION = 5.0;
				TARGETED_DEVICE_FAMILY = "1,2";
			};
			name = Release;
		};
/* End XCBuildConfiguration section */

/* Begin XCConfigurationList section */
		A49E150B2A87CCF50045D8AB /* Build configuration list for PBXProject "MovieRatingApp" */ = {
			isa = XCConfigurationList;
			buildConfigurations = (
				A49E151C2A87CCF60045D8AB /* Debug */,
				A49E151D2A87CCF60045D8AB /* Release */,
			);
			defaultConfigurationIsVisible = 0;
			defaultConfigurationName = Release;
		};
		A49E151E2A87CCF60045D8AB /* Build configuration list for PBXNativeTarget "MovieRatingApp" */ = {
			isa = XCConfigurationList;
			buildConfigurations = (
				A49E151F2A87CCF60045D8AB /* Debug */,
				A49E15202A87CCF60045D8AB /* Release */,
			);
			defaultConfigurationIsVisible = 0;
			defaultConfigurationName = Release;
		};
/* End XCConfigurationList section */
	};
	rootObject = A49E15082A87CCF50045D8AB /* Project object */;
}
